
Microsoft Visual Studio Solution File, Format Version 12.00
# Visual Studio Version 17
VisualStudioVersion = 17.7.34024.191
MinimumVisualStudioVersion = 10.0.40219.1
Project("{FAE04EC0-301F-11D3-BF4B-00C04F79EFBC}") = "HW_ReflectionSerializer", "HW_ReflectionSerializer\HW_ReflectionSerializer.csproj", "{A49758D1-944A-4867-904A-2EFD942BDBC2}"
EndProject
Global
	GlobalSection(SolutionConfigurationPlatforms) = preSolution
		Debug|Any CPU = Debug|Any CPU
		Release|Any CPU = Release|Any CPU
	EndGlobalSection
	GlobalSection(ProjectConfigurationPlatforms) = postSolution
		{A49758D1-944A-4867-904A-2EFD942BDBC2}.Debug|Any CPU.ActiveCfg = Debug|Any CPU
		{A49758D1-944A-4867-904A-2EFD942BDBC2}.Debug|Any CPU.Build.0 = Debug|Any CPU
		{A49758D1-944A-4867-904A-2EFD942BDBC2}.Release|Any CPU.ActiveCfg = Release|Any CPU
		{A49758D1-944A-4867-904A-2EFD942BDBC2}.Release|Any CPU.Build.0 = Release|Any CPU
	EndGlobalSection
	GlobalSection(SolutionProperties) = preSolution
		HideSolutionNode = FALSE
	EndGlobalSection
	GlobalSection(ExtensibilityGlobals) = postSolution
		SolutionGuid = {B00B3D31-C85B-4D06-8E15-7086CA02C2D8}
	EndGlobalSection
EndGlobal
